
Microsoft Visual Studio Solution File, Format Version 12.00
# Visual Studio Version 16
VisualStudioVersion = 16.0.31410.357
MinimumVisualStudioVersion = 10.0.40219.1
Project("{FAE04EC0-301F-11D3-BF4B-00C04F79EFBC}") = "WorkerService", "WorkerService\WorkerService.csproj", "{7461F94C-F653-48BA-A1BC-3A04CD8194C0}"
EndProject
Global
	GlobalSection(SolutionConfigurationPlatforms) = preSolution
		Debug|Any CPU = Debug|Any CPU
		Release|Any CPU = Release|Any CPU
	EndGlobalSection
	GlobalSection(ProjectConfigurationPlatforms) = postSolution
		{7461F94C-F653-48BA-A1BC-3A04CD8194C0}.Debug|Any CPU.ActiveCfg = Debug|Any CPU
		{7461F94C-F653-48BA-A1BC-3A04CD8194C0}.Debug|Any CPU.Build.0 = Debug|Any CPU
		{7461F94C-F653-48BA-A1BC-3A04CD8194C0}.Release|Any CPU.ActiveCfg = Release|Any CPU
		{7461F94C-F653-48BA-A1BC-3A04CD8194C0}.Release|Any CPU.Build.0 = Release|Any CPU
	EndGlobalSection
	GlobalSection(SolutionProperties) = preSolution
		HideSolutionNode = FALSE
	EndGlobalSection
	GlobalSection(ExtensibilityGlobals) = postSolution
		SolutionGuid = {1665A523-A4F8-42EB-AE60-99D0C9A50890}
	EndGlobalSection
EndGlobal
